
Microsoft Visual Studio Solution File, Format Version 12.00
# Visual Studio Version 16
VisualStudioVersion = 16.0.29806.167
MinimumVisualStudioVersion = 10.0.40219.1
Project("{8BC9CEB8-8B4A-11D0-8D11-00A0C91BC942}") = "HolaMundo", "HolaMundo\HolaMundo.vcxproj", "{B4AAAB77-BB19-4ABE-BE87-D60E93F5046B}"
EndProject
Project("{2150E333-8FDC-42A3-9474-1A3956D46DE8}") = "Semana1", "Semana1", "{A9A3A5E8-EDB7-4D26-9089-BD7DE950EEBF}"
EndProject
Project("{2150E333-8FDC-42A3-9474-1A3956D46DE8}") = "Semana2", "Semana2", "{71A8E882-448A-439E-BB91-18ECB773DBB2}"
EndProject
Project("{8BC9CEB8-8B4A-11D0-8D11-00A0C91BC942}") = "Ejercicio_AdivinarNumero", "Ejercicio_AdivinarNumero\Ejercicio_AdivinarNumero.vcxproj", "{909FCACD-11E7-472C-B3AE-F12AA6BB9449}"
EndProject
Project("{8BC9CEB8-8B4A-11D0-8D11-00A0C91BC942}") = "TiposFundamentales", "TiposFundamentales\TiposFundamentales.vcxproj", "{94B685EF-860C-4944-8541-781F3447CF57}"
EndProject
Project("{8BC9CEB8-8B4A-11D0-8D11-00A0C91BC942}") = "EjercicioClase", "EjercicioClase\EjercicioClase.vcxproj", "{CA217D3A-2E12-47D3-8128-7A60DC56CAAD}"
EndProject
Project("{8BC9CEB8-8B4A-11D0-8D11-00A0C91BC942}") = "EjercicioRacional", "EjercicioRacional\EjercicioRacional.vcxproj", "{7CCD1B57-EC75-449B-BB35-974606F9CA4F}"
EndProject
Project("{2150E333-8FDC-42A3-9474-1A3956D46DE8}") = "Semana3", "Semana3", "{ACB3E165-4D23-4BBF-8DAB-AF688AF81ACD}"
EndProject
Project("{8BC9CEB8-8B4A-11D0-8D11-00A0C91BC942}") = "EjercicioSobrecarga-Byte", "EjercicioSobrecarga-Byte\EjercicioSobrecarga-Byte.vcxproj", "{1EE52605-E793-4D01-BAB5-6F36C3FAEB47}"
EndProject
Project("{8BC9CEB8-8B4A-11D0-8D11-00A0C91BC942}") = "EjercicioHerencia", "EjercicioHerencia\EjercicioHerencia.vcxproj", "{98DC4BCA-FA79-4718-A7AE-00640C85BB8B}"
EndProject
Project("{2150E333-8FDC-42A3-9474-1A3956D46DE8}") = "Semana4", "Semana4", "{566C4B44-A1CB-45AD-A428-2A624D48F5E8}"
EndProject
Project("{8BC9CEB8-8B4A-11D0-8D11-00A0C91BC942}") = "EjercicioClaseAbstracta", "EjercicioClaseAbstracta\EjercicioClaseAbstracta.vcxproj", "{6ABD8167-D9D9-4A1A-AD9E-9E3EA550D95F}"
EndProject
Project("{8BC9CEB8-8B4A-11D0-8D11-00A0C91BC942}") = "EjercicioCadenas", "EjercicioCadenas\EjercicioCadenas.vcxproj", "{7D23EF54-6676-4F5C-A367-20149E836014}"
EndProject
Project("{8BC9CEB8-8B4A-11D0-8D11-00A0C91BC942}") = "EjercicioStringCStyle", "EjercicioStringCStyle\EjercicioStringCStyle.vcxproj", "{EC1CB6EC-DC67-424F-A511-3E19E47B6BAC}"
EndProject
Project("{2150E333-8FDC-42A3-9474-1A3956D46DE8}") = "Semana5", "Semana5", "{4427F67F-25DA-4A77-9A0A-297B7F28E661}"
EndProject
Project("{8BC9CEB8-8B4A-11D0-8D11-00A0C91BC942}") = "Examen", "Examen\Examen.vcxproj", "{775F9F92-14C3-43B4-A29A-7CF0B4DFF756}"
EndProject
Project("{2150E333-8FDC-42A3-9474-1A3956D46DE8}") = "Semana6", "Semana6", "{963CA60C-2A38-46DF-B6CF-D2B125932762}"
EndProject
Project("{8BC9CEB8-8B4A-11D0-8D11-00A0C91BC942}") = "EjemploApuntadores", "EjemploApuntadores\EjemploApuntadores.vcxproj", "{EB2AFA59-F9A5-4825-B231-F3DCF9364057}"
EndProject
Project("{8BC9CEB8-8B4A-11D0-8D11-00A0C91BC942}") = "EjemploEstructurasDatos", "EjemploEstructurasDatos\EjemploEstructurasDatos.vcxproj", "{DF0F66B1-D4E7-4851-9F54-A480BE10942E}"
EndProject
Project("{8BC9CEB8-8B4A-11D0-8D11-00A0C91BC942}") = "EjemploListaEnlazada", "EjemploListaEnlazada\EjemploListaEnlazada.vcxproj", "{CEDFB804-4045-4D3D-8E02-74C5011BCC1A}"
EndProject
Project("{2150E333-8FDC-42A3-9474-1A3956D46DE8}") = "Semana7", "Semana7", "{8974C252-E84F-4DDC-995F-14AAFF188D88}"
EndProject
Project("{8BC9CEB8-8B4A-11D0-8D11-00A0C91BC942}") = "ListaDobleCircular", "ListaDobleCircular\ListaDobleCircular.vcxproj", "{F76540FD-C7D3-457D-91C8-9C514ED8C8F0}"
EndProject
Project("{2150E333-8FDC-42A3-9474-1A3956D46DE8}") = "Semana8", "Semana8", "{C86CD4E9-781C-4745-BAA2-6F52724128EF}"
EndProject
Project("{8BC9CEB8-8B4A-11D0-8D11-00A0C91BC942}") = "EjemploArbolBinario", "EjemploArbolBinario\EjemploArbolBinario.vcxproj", "{135A959C-BA05-44B0-A70D-D04A70498827}"
EndProject
Global
	GlobalSection(SolutionConfigurationPlatforms) = preSolution
		Debug|x64 = Debug|x64
		Debug|x86 = Debug|x86
		Release|x64 = Release|x64
		Release|x86 = Release|x86
	EndGlobalSection
	GlobalSection(ProjectConfigurationPlatforms) = postSolution
		{B4AAAB77-BB19-4ABE-BE87-D60E93F5046B}.Debug|x64.ActiveCfg = Debug|x64
		{B4AAAB77-BB19-4ABE-BE87-D60E93F5046B}.Debug|x64.Build.0 = Debug|x64
		{B4AAAB77-BB19-4ABE-BE87-D60E93F5046B}.Debug|x86.ActiveCfg = Debug|Win32
		{B4AAAB77-BB19-4ABE-BE87-D60E93F5046B}.Debug|x86.Build.0 = Debug|Win32
		{B4AAAB77-BB19-4ABE-BE87-D60E93F5046B}.Release|x64.ActiveCfg = Release|x64
		{B4AAAB77-BB19-4ABE-BE87-D60E93F5046B}.Release|x64.Build.0 = Release|x64
		{B4AAAB77-BB19-4ABE-BE87-D60E93F5046B}.Release|x86.ActiveCfg = Release|Win32
		{B4AAAB77-BB19-4ABE-BE87-D60E93F5046B}.Release|x86.Build.0 = Release|Win32
		{909FCACD-11E7-472C-B3AE-F12AA6BB9449}.Debug|x64.ActiveCfg = Debug|x64
		{909FCACD-11E7-472C-B3AE-F12AA6BB9449}.Debug|x64.Build.0 = Debug|x64
		{909FCACD-11E7-472C-B3AE-F12AA6BB9449}.Debug|x86.ActiveCfg = Debug|Win32
		{909FCACD-11E7-472C-B3AE-F12AA6BB9449}.Debug|x86.Build.0 = Debug|Win32
		{909FCACD-11E7-472C-B3AE-F12AA6BB9449}.Release|x64.ActiveCfg = Release|x64
		{909FCACD-11E7-472C-B3AE-F12AA6BB9449}.Release|x64.Build.0 = Release|x64
		{909FCACD-11E7-472C-B3AE-F12AA6BB9449}.Release|x86.ActiveCfg = Release|Win32
		{909FCACD-11E7-472C-B3AE-F12AA6BB9449}.Release|x86.Build.0 = Release|Win32
		{94B685EF-860C-4944-8541-781F3447CF57}.Debug|x64.ActiveCfg = Debug|x64
		{94B685EF-860C-4944-8541-781F3447CF57}.Debug|x64.Build.0 = Debug|x64
		{94B685EF-860C-4944-8541-781F3447CF57}.Debug|x86.ActiveCfg = Debug|Win32
		{94B685EF-860C-4944-8541-781F3447CF57}.Debug|x86.Build.0 = Debug|Win32
		{94B685EF-860C-4944-8541-781F3447CF57}.Release|x64.ActiveCfg = Release|x64
		{94B685EF-860C-4944-8541-781F3447CF57}.Release|x64.Build.0 = Release|x64
		{94B685EF-860C-4944-8541-781F3447CF57}.Release|x86.ActiveCfg = Release|Win32
		{94B685EF-860C-4944-8541-781F3447CF57}.Release|x86.Build.0 = Release|Win32
		{CA217D3A-2E12-47D3-8128-7A60DC56CAAD}.Debug|x64.ActiveCfg = Debug|x64
		{CA217D3A-2E12-47D3-8128-7A60DC56CAAD}.Debug|x64.Build.0 = Debug|x64
		{CA217D3A-2E12-47D3-8128-7A60DC56CAAD}.Debug|x86.ActiveCfg = Debug|Win32
		{CA217D3A-2E12-47D3-8128-7A60DC56CAAD}.Debug|x86.Build.0 = Debug|Win32
		{CA217D3A-2E12-47D3-8128-7A60DC56CAAD}.Release|x64.ActiveCfg = Release|x64
		{CA217D3A-2E12-47D3-8128-7A60DC56CAAD}.Release|x64.Build.0 = Release|x64
		{CA217D3A-2E12-47D3-8128-7A60DC56CAAD}.Release|x86.ActiveCfg = Release|Win32
		{CA217D3A-2E12-47D3-8128-7A60DC56CAAD}.Release|x86.Build.0 = Release|Win32
		{7CCD1B57-EC75-449B-BB35-974606F9CA4F}.Debug|x64.ActiveCfg = Debug|x64
		{7CCD1B57-EC75-449B-BB35-974606F9CA4F}.Debug|x64.Build.0 = Debug|x64
		{7CCD1B57-EC75-449B-BB35-974606F9CA4F}.Debug|x86.ActiveCfg = Debug|Win32
		{7CCD1B57-EC75-449B-BB35-974606F9CA4F}.Debug|x86.Build.0 = Debug|Win32
		{7CCD1B57-EC75-449B-BB35-974606F9CA4F}.Release|x64.ActiveCfg = Release|x64
		{7CCD1B57-EC75-449B-BB35-974606F9CA4F}.Release|x64.Build.0 = Release|x64
		{7CCD1B57-EC75-449B-BB35-974606F9CA4F}.Release|x86.ActiveCfg = Release|Win32
		{7CCD1B57-EC75-449B-BB35-974606F9CA4F}.Release|x86.Build.0 = Release|Win32
		{1EE52605-E793-4D01-BAB5-6F36C3FAEB47}.Debug|x64.ActiveCfg = Debug|x64
		{1EE52605-E793-4D01-BAB5-6F36C3FAEB47}.Debug|x64.Build.0 = Debug|x64
		{1EE52605-E793-4D01-BAB5-6F36C3FAEB47}.Debug|x86.ActiveCfg = Debug|Win32
		{1EE52605-E793-4D01-BAB5-6F36C3FAEB47}.Debug|x86.Build.0 = Debug|Win32
		{1EE52605-E793-4D01-BAB5-6F36C3FAEB47}.Release|x64.ActiveCfg = Release|x64
		{1EE52605-E793-4D01-BAB5-6F36C3FAEB47}.Release|x64.Build.0 = Release|x64
		{1EE52605-E793-4D01-BAB5-6F36C3FAEB47}.Release|x86.ActiveCfg = Release|Win32
		{1EE52605-E793-4D01-BAB5-6F36C3FAEB47}.Release|x86.Build.0 = Release|Win32
		{98DC4BCA-FA79-4718-A7AE-00640C85BB8B}.Debug|x64.ActiveCfg = Debug|x64
		{98DC4BCA-FA79-4718-A7AE-00640C85BB8B}.Debug|x64.Build.0 = Debug|x64
		{98DC4BCA-FA79-4718-A7AE-00640C85BB8B}.Debug|x86.ActiveCfg = Debug|Win32
		{98DC4BCA-FA79-4718-A7AE-00640C85BB8B}.Debug|x86.Build.0 = Debug|Win32
		{98DC4BCA-FA79-4718-A7AE-00640C85BB8B}.Release|x64.ActiveCfg = Release|x64
		{98DC4BCA-FA79-4718-A7AE-00640C85BB8B}.Release|x64.Build.0 = Release|x64
		{98DC4BCA-FA79-4718-A7AE-00640C85BB8B}.Release|x86.ActiveCfg = Release|Win32
		{98DC4BCA-FA79-4718-A7AE-00640C85BB8B}.Release|x86.Build.0 = Release|Win32
		{6ABD8167-D9D9-4A1A-AD9E-9E3EA550D95F}.Debug|x64.ActiveCfg = Debug|x64
		{6ABD8167-D9D9-4A1A-AD9E-9E3EA550D95F}.Debug|x64.Build.0 = Debug|x64
		{6ABD8167-D9D9-4A1A-AD9E-9E3EA550D95F}.Debug|x86.ActiveCfg = Debug|Win32
		{6ABD8167-D9D9-4A1A-AD9E-9E3EA550D95F}.Debug|x86.Build.0 = Debug|Win32
		{6ABD8167-D9D9-4A1A-AD9E-9E3EA550D95F}.Release|x64.ActiveCfg = Release|x64
		{6ABD8167-D9D9-4A1A-AD9E-9E3EA550D95F}.Release|x64.Build.0 = Release|x64
		{6ABD8167-D9D9-4A1A-AD9E-9E3EA550D95F}.Release|x86.ActiveCfg = Release|Win32
		{6ABD8167-D9D9-4A1A-AD9E-9E3EA550D95F}.Release|x86.Build.0 = Release|Win32
		{7D23EF54-6676-4F5C-A367-20149E836014}.Debug|x64.ActiveCfg = Debug|x64
		{7D23EF54-6676-4F5C-A367-20149E836014}.Debug|x64.Build.0 = Debug|x64
		{7D23EF54-6676-4F5C-A367-20149E836014}.Debug|x86.ActiveCfg = Debug|Win32
		{7D23EF54-6676-4F5C-A367-20149E836014}.Debug|x86.Build.0 = Debug|Win32
		{7D23EF54-6676-4F5C-A367-20149E836014}.Release|x64.ActiveCfg = Release|x64
		{7D23EF54-6676-4F5C-A367-20149E836014}.Release|x64.Build.0 = Release|x64
		{7D23EF54-6676-4F5C-A367-20149E836014}.Release|x86.ActiveCfg = Release|Win32
		{7D23EF54-6676-4F5C-A367-20149E836014}.Release|x86.Build.0 = Release|Win32
		{EC1CB6EC-DC67-424F-A511-3E19E47B6BAC}.Debug|x64.ActiveCfg = Debug|x64
		{EC1CB6EC-DC67-424F-A511-3E19E47B6BAC}.Debug|x64.Build.0 = Debug|x64
		{EC1CB6EC-DC67-424F-A511-3E19E47B6BAC}.Debug|x86.ActiveCfg = Debug|Win32
		{EC1CB6EC-DC67-424F-A511-3E19E47B6BAC}.Debug|x86.Build.0 = Debug|Win32
		{EC1CB6EC-DC67-424F-A511-3E19E47B6BAC}.Release|x64.ActiveCfg = Release|x64
		{EC1CB6EC-DC67-424F-A511-3E19E47B6BAC}.Release|x64.Build.0 = Release|x64
		{EC1CB6EC-DC67-424F-A511-3E19E47B6BAC}.Release|x86.ActiveCfg = Release|Win32
		{EC1CB6EC-DC67-424F-A511-3E19E47B6BAC}.Release|x86.Build.0 = Release|Win32
		{775F9F92-14C3-43B4-A29A-7CF0B4DFF756}.Debug|x64.ActiveCfg = Debug|x64
		{775F9F92-14C3-43B4-A29A-7CF0B4DFF756}.Debug|x64.Build.0 = Debug|x64
		{775F9F92-14C3-43B4-A29A-7CF0B4DFF756}.Debug|x86.ActiveCfg = Debug|Win32
		{775F9F92-14C3-43B4-A29A-7CF0B4DFF756}.Debug|x86.Build.0 = Debug|Win32
		{775F9F92-14C3-43B4-A29A-7CF0B4DFF756}.Release|x64.ActiveCfg = Release|x64
		{775F9F92-14C3-43B4-A29A-7CF0B4DFF756}.Release|x64.Build.0 = Release|x64
		{775F9F92-14C3-43B4-A29A-7CF0B4DFF756}.Release|x86.ActiveCfg = Release|Win32
		{775F9F92-14C3-43B4-A29A-7CF0B4DFF756}.Release|x86.Build.0 = Release|Win32
		{EB2AFA59-F9A5-4825-B231-F3DCF9364057}.Debug|x64.ActiveCfg = Debug|x64
		{EB2AFA59-F9A5-4825-B231-F3DCF9364057}.Debug|x64.Build.0 = Debug|x64
		{EB2AFA59-F9A5-4825-B231-F3DCF9364057}.Debug|x86.ActiveCfg = Debug|Win32
		{EB2AFA59-F9A5-4825-B231-F3DCF9364057}.Debug|x86.Build.0 = Debug|Win32
		{EB2AFA59-F9A5-4825-B231-F3DCF9364057}.Release|x64.ActiveCfg = Release|x64
		{EB2AFA59-F9A5-4825-B231-F3DCF9364057}.Release|x64.Build.0 = Release|x64
		{EB2AFA59-F9A5-4825-B231-F3DCF9364057}.Release|x86.ActiveCfg = Release|Win32
		{EB2AFA59-F9A5-4825-B231-F3DCF9364057}.Release|x86.Build.0 = Release|Win32
		{DF0F66B1-D4E7-4851-9F54-A480BE10942E}.Debug|x64.ActiveCfg = Debug|x64
		{DF0F66B1-D4E7-4851-9F54-A480BE10942E}.Debug|x64.Build.0 = Debug|x64
		{DF0F66B1-D4E7-4851-9F54-A480BE10942E}.Debug|x86.ActiveCfg = Debug|Win32
		{DF0F66B1-D4E7-4851-9F54-A480BE10942E}.Debug|x86.Build.0 = Debug|Win32
		{DF0F66B1-D4E7-4851-9F54-A480BE10942E}.Release|x64.ActiveCfg = Release|x64
		{DF0F66B1-D4E7-4851-9F54-A480BE10942E}.Release|x64.Build.0 = Release|x64
		{DF0F66B1-D4E7-4851-9F54-A480BE10942E}.Release|x86.ActiveCfg = Release|Win32
		{DF0F66B1-D4E7-4851-9F54-A480BE10942E}.Release|x86.Build.0 = Release|Win32
		{CEDFB804-4045-4D3D-8E02-74C5011BCC1A}.Debug|x64.ActiveCfg = Debug|x64
		{CEDFB804-4045-4D3D-8E02-74C5011BCC1A}.Debug|x64.Build.0 = Debug|x64
		{CEDFB804-4045-4D3D-8E02-74C5011BCC1A}.Debug|x86.ActiveCfg = Debug|Win32
		{CEDFB804-4045-4D3D-8E02-74C5011BCC1A}.Debug|x86.Build.0 = Debug|Win32
		{CEDFB804-4045-4D3D-8E02-74C5011BCC1A}.Release|x64.ActiveCfg = Release|x64
		{CEDFB804-4045-4D3D-8E02-74C5011BCC1A}.Release|x64.Build.0 = Release|x64
		{CEDFB804-4045-4D3D-8E02-74C5011BCC1A}.Release|x86.ActiveCfg = Release|Win32
		{CEDFB804-4045-4D3D-8E02-74C5011BCC1A}.Release|x86.Build.0 = Release|Win32
		{F76540FD-C7D3-457D-91C8-9C514ED8C8F0}.Debug|x64.ActiveCfg = Debug|x64
		{F76540FD-C7D3-457D-91C8-9C514ED8C8F0}.Debug|x64.Build.0 = Debug|x64
		{F76540FD-C7D3-457D-91C8-9C514ED8C8F0}.Debug|x86.ActiveCfg = Debug|Win32
		{F76540FD-C7D3-457D-91C8-9C514ED8C8F0}.Debug|x86.Build.0 = Debug|Win32
		{F76540FD-C7D3-457D-91C8-9C514ED8C8F0}.Release|x64.ActiveCfg = Release|x64
		{F76540FD-C7D3-457D-91C8-9C514ED8C8F0}.Release|x64.Build.0 = Release|x64
		{F76540FD-C7D3-457D-91C8-9C514ED8C8F0}.Release|x86.ActiveCfg = Release|Win32
		{F76540FD-C7D3-457D-91C8-9C514ED8C8F0}.Release|x86.Build.0 = Release|Win32
		{135A959C-BA05-44B0-A70D-D04A70498827}.Debug|x64.ActiveCfg = Debug|x64
		{135A959C-BA05-44B0-A70D-D04A70498827}.Debug|x64.Build.0 = Debug|x64
		{135A959C-BA05-44B0-A70D-D04A70498827}.Debug|x86.ActiveCfg = Debug|Win32
		{135A959C-BA05-44B0-A70D-D04A70498827}.Debug|x86.Build.0 = Debug|Win32
		{135A959C-BA05-44B0-A70D-D04A70498827}.Release|x64.ActiveCfg = Release|x64
		{135A959C-BA05-44B0-A70D-D04A70498827}.Release|x64.Build.0 = Release|x64
		{135A959C-BA05-44B0-A70D-D04A70498827}.Release|x86.ActiveCfg = Release|Win32
		{135A959C-BA05-44B0-A70D-D04A70498827}.Release|x86.Build.0 = Release|Win32
	EndGlobalSection
	GlobalSection(SolutionProperties) = preSolution
		HideSolutionNode = FALSE
	EndGlobalSection
	GlobalSection(NestedProjects) = preSolution
		{B4AAAB77-BB19-4ABE-BE87-D60E93F5046B} = {A9A3A5E8-EDB7-4D26-9089-BD7DE950EEBF}
		{909FCACD-11E7-472C-B3AE-F12AA6BB9449} = {A9A3A5E8-EDB7-4D26-9089-BD7DE950EEBF}
		{94B685EF-860C-4944-8541-781F3447CF57} = {A9A3A5E8-EDB7-4D26-9089-BD7DE950EEBF}
		{CA217D3A-2E12-47D3-8128-7A60DC56CAAD} = {71A8E882-448A-439E-BB91-18ECB773DBB2}
		{7CCD1B57-EC75-449B-BB35-974606F9CA4F} = {71A8E882-448A-439E-BB91-18ECB773DBB2}
		{1EE52605-E793-4D01-BAB5-6F36C3FAEB47} = {ACB3E165-4D23-4BBF-8DAB-AF688AF81ACD}
		{98DC4BCA-FA79-4718-A7AE-00640C85BB8B} = {ACB3E165-4D23-4BBF-8DAB-AF688AF81ACD}
		{6ABD8167-D9D9-4A1A-AD9E-9E3EA550D95F} = {566C4B44-A1CB-45AD-A428-2A624D48F5E8}
		{7D23EF54-6676-4F5C-A367-20149E836014} = {566C4B44-A1CB-45AD-A428-2A624D48F5E8}
		{EC1CB6EC-DC67-424F-A511-3E19E47B6BAC} = {566C4B44-A1CB-45AD-A428-2A624D48F5E8}
		{775F9F92-14C3-43B4-A29A-7CF0B4DFF756} = {4427F67F-25DA-4A77-9A0A-297B7F28E661}
		{EB2AFA59-F9A5-4825-B231-F3DCF9364057} = {963CA60C-2A38-46DF-B6CF-D2B125932762}
		{DF0F66B1-D4E7-4851-9F54-A480BE10942E} = {963CA60C-2A38-46DF-B6CF-D2B125932762}
		{CEDFB804-4045-4D3D-8E02-74C5011BCC1A} = {963CA60C-2A38-46DF-B6CF-D2B125932762}
		{F76540FD-C7D3-457D-91C8-9C514ED8C8F0} = {8974C252-E84F-4DDC-995F-14AAFF188D88}
		{135A959C-BA05-44B0-A70D-D04A70498827} = {C86CD4E9-781C-4745-BAA2-6F52724128EF}
	EndGlobalSection
	GlobalSection(ExtensibilityGlobals) = postSolution
		SolutionGuid = {0957D2C1-D183-492E-A305-CCED26B7911B}
	EndGlobalSection
EndGlobal
